
Microsoft Visual Studio Solution File, Format Version 12.00
# Visual Studio 14
VisualStudioVersion = 14.0.25420.1
MinimumVisualStudioVersion = 10.0.40219.1
Project("{FAE04EC0-301F-11D3-BF4B-00C04F79EFBC}") = "WeChat.Android", "WeChat.Android\WeChat.Android.csproj", "{5904454A-C7F8-4D49-B2BD-0ED26AFB6F1F}"
EndProject
Project("{FAE04EC0-301F-11D3-BF4B-00C04F79EFBC}") = "WeChat.Android.Samples", "WeChat.Android.Samples\WeChat.Android.Samples.csproj", "{BA7E768F-1B5C-4433-B61F-DA111259BC4F}"
EndProject
Project("{FAE04EC0-301F-11D3-BF4B-00C04F79EFBC}") = "WeChat.IOS.Samples", "WeChat.IOS.Samples\WeChat.IOS.Samples.csproj", "{DBBC72F4-CE4B-4F65-B402-3CB59388CDCF}"
EndProject
Project("{FAE04EC0-301F-11D3-BF4B-00C04F79EFBC}") = "WeChat.IOS", "WeChat.IOS\WeChat.IOS.csproj", "{F4253F45-F668-4272-82EC-576CDE775887}"
EndProject
Global
	GlobalSection(SolutionConfigurationPlatforms) = preSolution
		Ad-Hoc|Any CPU = Ad-Hoc|Any CPU
		Ad-Hoc|iPhone = Ad-Hoc|iPhone
		Ad-Hoc|iPhoneSimulator = Ad-Hoc|iPhoneSimulator
		AppStore|Any CPU = AppStore|Any CPU
		AppStore|iPhone = AppStore|iPhone
		AppStore|iPhoneSimulator = AppStore|iPhoneSimulator
		Debug|Any CPU = Debug|Any CPU
		Debug|iPhone = Debug|iPhone
		Debug|iPhoneSimulator = Debug|iPhoneSimulator
		Release|Any CPU = Release|Any CPU
		Release|iPhone = Release|iPhone
		Release|iPhoneSimulator = Release|iPhoneSimulator
	EndGlobalSection
	GlobalSection(ProjectConfigurationPlatforms) = postSolution
		{5904454A-C7F8-4D49-B2BD-0ED26AFB6F1F}.Ad-Hoc|Any CPU.ActiveCfg = Release|Any CPU
		{5904454A-C7F8-4D49-B2BD-0ED26AFB6F1F}.Ad-Hoc|Any CPU.Build.0 = Release|Any CPU
		{5904454A-C7F8-4D49-B2BD-0ED26AFB6F1F}.Ad-Hoc|iPhone.ActiveCfg = Release|Any CPU
		{5904454A-C7F8-4D49-B2BD-0ED26AFB6F1F}.Ad-Hoc|iPhone.Build.0 = Release|Any CPU
		{5904454A-C7F8-4D49-B2BD-0ED26AFB6F1F}.Ad-Hoc|iPhoneSimulator.ActiveCfg = Release|Any CPU
		{5904454A-C7F8-4D49-B2BD-0ED26AFB6F1F}.Ad-Hoc|iPhoneSimulator.Build.0 = Release|Any CPU
		{5904454A-C7F8-4D49-B2BD-0ED26AFB6F1F}.AppStore|Any CPU.ActiveCfg = Release|Any CPU
		{5904454A-C7F8-4D49-B2BD-0ED26AFB6F1F}.AppStore|Any CPU.Build.0 = Release|Any CPU
		{5904454A-C7F8-4D49-B2BD-0ED26AFB6F1F}.AppStore|iPhone.ActiveCfg = Release|Any CPU
		{5904454A-C7F8-4D49-B2BD-0ED26AFB6F1F}.AppStore|iPhone.Build.0 = Release|Any CPU
		{5904454A-C7F8-4D49-B2BD-0ED26AFB6F1F}.AppStore|iPhoneSimulator.ActiveCfg = Release|Any CPU
		{5904454A-C7F8-4D49-B2BD-0ED26AFB6F1F}.AppStore|iPhoneSimulator.Build.0 = Release|Any CPU
		{5904454A-C7F8-4D49-B2BD-0ED26AFB6F1F}.Debug|Any CPU.ActiveCfg = Debug|Any CPU
		{5904454A-C7F8-4D49-B2BD-0ED26AFB6F1F}.Debug|Any CPU.Build.0 = Debug|Any CPU
		{5904454A-C7F8-4D49-B2BD-0ED26AFB6F1F}.Debug|iPhone.ActiveCfg = Debug|Any CPU
		{5904454A-C7F8-4D49-B2BD-0ED26AFB6F1F}.Debug|iPhone.Build.0 = Debug|Any CPU
		{5904454A-C7F8-4D49-B2BD-0ED26AFB6F1F}.Debug|iPhoneSimulator.ActiveCfg = Debug|Any CPU
		{5904454A-C7F8-4D49-B2BD-0ED26AFB6F1F}.Debug|iPhoneSimulator.Build.0 = Debug|Any CPU
		{5904454A-C7F8-4D49-B2BD-0ED26AFB6F1F}.Release|Any CPU.ActiveCfg = Release|Any CPU
		{5904454A-C7F8-4D49-B2BD-0ED26AFB6F1F}.Release|Any CPU.Build.0 = Release|Any CPU
		{5904454A-C7F8-4D49-B2BD-0ED26AFB6F1F}.Release|iPhone.ActiveCfg = Release|Any CPU
		{5904454A-C7F8-4D49-B2BD-0ED26AFB6F1F}.Release|iPhone.Build.0 = Release|Any CPU
		{5904454A-C7F8-4D49-B2BD-0ED26AFB6F1F}.Release|iPhoneSimulator.ActiveCfg = Release|Any CPU
		{5904454A-C7F8-4D49-B2BD-0ED26AFB6F1F}.Release|iPhoneSimulator.Build.0 = Release|Any CPU
		{BA7E768F-1B5C-4433-B61F-DA111259BC4F}.Ad-Hoc|Any CPU.ActiveCfg = Release|Any CPU
		{BA7E768F-1B5C-4433-B61F-DA111259BC4F}.Ad-Hoc|Any CPU.Build.0 = Release|Any CPU
		{BA7E768F-1B5C-4433-B61F-DA111259BC4F}.Ad-Hoc|Any CPU.Deploy.0 = Release|Any CPU
		{BA7E768F-1B5C-4433-B61F-DA111259BC4F}.Ad-Hoc|iPhone.ActiveCfg = Release|Any CPU
		{BA7E768F-1B5C-4433-B61F-DA111259BC4F}.Ad-Hoc|iPhone.Build.0 = Release|Any CPU
		{BA7E768F-1B5C-4433-B61F-DA111259BC4F}.Ad-Hoc|iPhone.Deploy.0 = Release|Any CPU
		{BA7E768F-1B5C-4433-B61F-DA111259BC4F}.Ad-Hoc|iPhoneSimulator.ActiveCfg = Release|Any CPU
		{BA7E768F-1B5C-4433-B61F-DA111259BC4F}.Ad-Hoc|iPhoneSimulator.Build.0 = Release|Any CPU
		{BA7E768F-1B5C-4433-B61F-DA111259BC4F}.Ad-Hoc|iPhoneSimulator.Deploy.0 = Release|Any CPU
		{BA7E768F-1B5C-4433-B61F-DA111259BC4F}.AppStore|Any CPU.ActiveCfg = Release|Any CPU
		{BA7E768F-1B5C-4433-B61F-DA111259BC4F}.AppStore|Any CPU.Build.0 = Release|Any CPU
		{BA7E768F-1B5C-4433-B61F-DA111259BC4F}.AppStore|Any CPU.Deploy.0 = Release|Any CPU
		{BA7E768F-1B5C-4433-B61F-DA111259BC4F}.AppStore|iPhone.ActiveCfg = Release|Any CPU
		{BA7E768F-1B5C-4433-B61F-DA111259BC4F}.AppStore|iPhone.Build.0 = Release|Any CPU
		{BA7E768F-1B5C-4433-B61F-DA111259BC4F}.AppStore|iPhone.Deploy.0 = Release|Any CPU
		{BA7E768F-1B5C-4433-B61F-DA111259BC4F}.AppStore|iPhoneSimulator.ActiveCfg = Release|Any CPU
		{BA7E768F-1B5C-4433-B61F-DA111259BC4F}.AppStore|iPhoneSimulator.Build.0 = Release|Any CPU
		{BA7E768F-1B5C-4433-B61F-DA111259BC4F}.AppStore|iPhoneSimulator.Deploy.0 = Release|Any CPU
		{BA7E768F-1B5C-4433-B61F-DA111259BC4F}.Debug|Any CPU.ActiveCfg = Debug|Any CPU
		{BA7E768F-1B5C-4433-B61F-DA111259BC4F}.Debug|Any CPU.Build.0 = Debug|Any CPU
		{BA7E768F-1B5C-4433-B61F-DA111259BC4F}.Debug|Any CPU.Deploy.0 = Debug|Any CPU
		{BA7E768F-1B5C-4433-B61F-DA111259BC4F}.Debug|iPhone.ActiveCfg = Debug|Any CPU
		{BA7E768F-1B5C-4433-B61F-DA111259BC4F}.Debug|iPhone.Build.0 = Debug|Any CPU
		{BA7E768F-1B5C-4433-B61F-DA111259BC4F}.Debug|iPhone.Deploy.0 = Debug|Any CPU
		{BA7E768F-1B5C-4433-B61F-DA111259BC4F}.Debug|iPhoneSimulator.ActiveCfg = Debug|Any CPU
		{BA7E768F-1B5C-4433-B61F-DA111259BC4F}.Debug|iPhoneSimulator.Build.0 = Debug|Any CPU
		{BA7E768F-1B5C-4433-B61F-DA111259BC4F}.Debug|iPhoneSimulator.Deploy.0 = Debug|Any CPU
		{BA7E768F-1B5C-4433-B61F-DA111259BC4F}.Release|Any CPU.ActiveCfg = Release|Any CPU
		{BA7E768F-1B5C-4433-B61F-DA111259BC4F}.Release|Any CPU.Build.0 = Release|Any CPU
		{BA7E768F-1B5C-4433-B61F-DA111259BC4F}.Release|Any CPU.Deploy.0 = Release|Any CPU
		{BA7E768F-1B5C-4433-B61F-DA111259BC4F}.Release|iPhone.ActiveCfg = Release|Any CPU
		{BA7E768F-1B5C-4433-B61F-DA111259BC4F}.Release|iPhone.Build.0 = Release|Any CPU
		{BA7E768F-1B5C-4433-B61F-DA111259BC4F}.Release|iPhone.Deploy.0 = Release|Any CPU
		{BA7E768F-1B5C-4433-B61F-DA111259BC4F}.Release|iPhoneSimulator.ActiveCfg = Release|Any CPU
		{BA7E768F-1B5C-4433-B61F-DA111259BC4F}.Release|iPhoneSimulator.Build.0 = Release|Any CPU
		{BA7E768F-1B5C-4433-B61F-DA111259BC4F}.Release|iPhoneSimulator.Deploy.0 = Release|Any CPU
		{DBBC72F4-CE4B-4F65-B402-3CB59388CDCF}.Ad-Hoc|Any CPU.ActiveCfg = Ad-Hoc|iPhone
		{DBBC72F4-CE4B-4F65-B402-3CB59388CDCF}.Ad-Hoc|iPhone.ActiveCfg = Ad-Hoc|iPhone
		{DBBC72F4-CE4B-4F65-B402-3CB59388CDCF}.Ad-Hoc|iPhone.Build.0 = Ad-Hoc|iPhone
		{DBBC72F4-CE4B-4F65-B402-3CB59388CDCF}.Ad-Hoc|iPhoneSimulator.ActiveCfg = Ad-Hoc|iPhoneSimulator
		{DBBC72F4-CE4B-4F65-B402-3CB59388CDCF}.Ad-Hoc|iPhoneSimulator.Build.0 = Ad-Hoc|iPhoneSimulator
		{DBBC72F4-CE4B-4F65-B402-3CB59388CDCF}.AppStore|Any CPU.ActiveCfg = AppStore|iPhone
		{DBBC72F4-CE4B-4F65-B402-3CB59388CDCF}.AppStore|iPhone.ActiveCfg = AppStore|iPhone
		{DBBC72F4-CE4B-4F65-B402-3CB59388CDCF}.AppStore|iPhone.Build.0 = AppStore|iPhone
		{DBBC72F4-CE4B-4F65-B402-3CB59388CDCF}.AppStore|iPhoneSimulator.ActiveCfg = AppStore|iPhoneSimulator
		{DBBC72F4-CE4B-4F65-B402-3CB59388CDCF}.AppStore|iPhoneSimulator.Build.0 = AppStore|iPhoneSimulator
		{DBBC72F4-CE4B-4F65-B402-3CB59388CDCF}.Debug|Any CPU.ActiveCfg = Debug|iPhone
		{DBBC72F4-CE4B-4F65-B402-3CB59388CDCF}.Debug|iPhone.ActiveCfg = Debug|iPhone
		{DBBC72F4-CE4B-4F65-B402-3CB59388CDCF}.Debug|iPhone.Build.0 = Debug|iPhone
		{DBBC72F4-CE4B-4F65-B402-3CB59388CDCF}.Debug|iPhoneSimulator.ActiveCfg = Debug|iPhoneSimulator
		{DBBC72F4-CE4B-4F65-B402-3CB59388CDCF}.Debug|iPhoneSimulator.Build.0 = Debug|iPhoneSimulator
		{DBBC72F4-CE4B-4F65-B402-3CB59388CDCF}.Release|Any CPU.ActiveCfg = Release|iPhone
		{DBBC72F4-CE4B-4F65-B402-3CB59388CDCF}.Release|iPhone.ActiveCfg = Release|iPhone
		{DBBC72F4-CE4B-4F65-B402-3CB59388CDCF}.Release|iPhone.Build.0 = Release|iPhone
		{DBBC72F4-CE4B-4F65-B402-3CB59388CDCF}.Release|iPhoneSimulator.ActiveCfg = Release|iPhoneSimulator
		{DBBC72F4-CE4B-4F65-B402-3CB59388CDCF}.Release|iPhoneSimulator.Build.0 = Release|iPhoneSimulator
		{F4253F45-F668-4272-82EC-576CDE775887}.Ad-Hoc|Any CPU.ActiveCfg = Release|Any CPU
		{F4253F45-F668-4272-82EC-576CDE775887}.Ad-Hoc|Any CPU.Build.0 = Release|Any CPU
		{F4253F45-F668-4272-82EC-576CDE775887}.Ad-Hoc|iPhone.ActiveCfg = Release|Any CPU
		{F4253F45-F668-4272-82EC-576CDE775887}.Ad-Hoc|iPhone.Build.0 = Release|Any CPU
		{F4253F45-F668-4272-82EC-576CDE775887}.Ad-Hoc|iPhoneSimulator.ActiveCfg = Release|Any CPU
		{F4253F45-F668-4272-82EC-576CDE775887}.Ad-Hoc|iPhoneSimulator.Build.0 = Release|Any CPU
		{F4253F45-F668-4272-82EC-576CDE775887}.AppStore|Any CPU.ActiveCfg = Release|Any CPU
		{F4253F45-F668-4272-82EC-576CDE775887}.AppStore|Any CPU.Build.0 = Release|Any CPU
		{F4253F45-F668-4272-82EC-576CDE775887}.AppStore|iPhone.ActiveCfg = Release|Any CPU
		{F4253F45-F668-4272-82EC-576CDE775887}.AppStore|iPhone.Build.0 = Release|Any CPU
		{F4253F45-F668-4272-82EC-576CDE775887}.AppStore|iPhoneSimulator.ActiveCfg = Release|Any CPU
		{F4253F45-F668-4272-82EC-576CDE775887}.AppStore|iPhoneSimulator.Build.0 = Release|Any CPU
		{F4253F45-F668-4272-82EC-576CDE775887}.Debug|Any CPU.ActiveCfg = Debug|Any CPU
		{F4253F45-F668-4272-82EC-576CDE775887}.Debug|Any CPU.Build.0 = Debug|Any CPU
		{F4253F45-F668-4272-82EC-576CDE775887}.Debug|iPhone.ActiveCfg = Debug|Any CPU
		{F4253F45-F668-4272-82EC-576CDE775887}.Debug|iPhone.Build.0 = Debug|Any CPU
		{F4253F45-F668-4272-82EC-576CDE775887}.Debug|iPhoneSimulator.ActiveCfg = Debug|Any CPU
		{F4253F45-F668-4272-82EC-576CDE775887}.Debug|iPhoneSimulator.Build.0 = Debug|Any CPU
		{F4253F45-F668-4272-82EC-576CDE775887}.Release|Any CPU.ActiveCfg = Release|Any CPU
		{F4253F45-F668-4272-82EC-576CDE775887}.Release|Any CPU.Build.0 = Release|Any CPU
		{F4253F45-F668-4272-82EC-576CDE775887}.Release|iPhone.ActiveCfg = Release|Any CPU
		{F4253F45-F668-4272-82EC-576CDE775887}.Release|iPhone.Build.0 = Release|Any CPU
		{F4253F45-F668-4272-82EC-576CDE775887}.Release|iPhoneSimulator.ActiveCfg = Release|Any CPU
		{F4253F45-F668-4272-82EC-576CDE775887}.Release|iPhoneSimulator.Build.0 = Release|Any CPU
	EndGlobalSection
	GlobalSection(SolutionProperties) = preSolution
		HideSolutionNode = FALSE
	EndGlobalSection
EndGlobal
